
Microsoft Visual Studio Solution File, Format Version 12.00
# Visual Studio 15
VisualStudioVersion = 15.0.26430.15
MinimumVisualStudioVersion = 10.0.40219.1
Project("{FAE04EC0-301F-11D3-BF4B-00C04F79EFBC}") = "SimpleFinalize", "SimpleFinalize\SimpleFinalize.csproj", "{3C9CA873-E403-4A43-8684-FCAE94400F99}"
EndProject
Global
	GlobalSection(SolutionConfigurationPlatforms) = preSolution
		Debug|Any CPU = Debug|Any CPU
		Release|Any CPU = Release|Any CPU
	EndGlobalSection
	GlobalSection(ProjectConfigurationPlatforms) = postSolution
		{3C9CA873-E403-4A43-8684-FCAE94400F99}.Debug|Any CPU.ActiveCfg = Debug|Any CPU
		{3C9CA873-E403-4A43-8684-FCAE94400F99}.Debug|Any CPU.Build.0 = Debug|Any CPU
		{3C9CA873-E403-4A43-8684-FCAE94400F99}.Release|Any CPU.ActiveCfg = Release|Any CPU
		{3C9CA873-E403-4A43-8684-FCAE94400F99}.Release|Any CPU.Build.0 = Release|Any CPU
	EndGlobalSection
	GlobalSection(SolutionProperties) = preSolution
		HideSolutionNode = FALSE
	EndGlobalSection
EndGlobal
