
Microsoft Visual Studio Solution File, Format Version 12.00
# Visual Studio 15
VisualStudioVersion = 15.0.26430.15
MinimumVisualStudioVersion = 10.0.40219.1
Project("{FAE04EC0-301F-11D3-BF4B-00C04F79EFBC}") = "ThreadStats", "ThreadStats\ThreadStats.csproj", "{EEB7DBA4-8C47-4AB5-8217-9FA89A2D39D9}"
EndProject
Global
	GlobalSection(SolutionConfigurationPlatforms) = preSolution
		Debug|Any CPU = Debug|Any CPU
		Release|Any CPU = Release|Any CPU
	EndGlobalSection
	GlobalSection(ProjectConfigurationPlatforms) = postSolution
		{EEB7DBA4-8C47-4AB5-8217-9FA89A2D39D9}.Debug|Any CPU.ActiveCfg = Debug|Any CPU
		{EEB7DBA4-8C47-4AB5-8217-9FA89A2D39D9}.Debug|Any CPU.Build.0 = Debug|Any CPU
		{EEB7DBA4-8C47-4AB5-8217-9FA89A2D39D9}.Release|Any CPU.ActiveCfg = Release|Any CPU
		{EEB7DBA4-8C47-4AB5-8217-9FA89A2D39D9}.Release|Any CPU.Build.0 = Release|Any CPU
	EndGlobalSection
	GlobalSection(SolutionProperties) = preSolution
		HideSolutionNode = FALSE
	EndGlobalSection
EndGlobal
