
Microsoft Visual Studio Solution File, Format Version 12.00
# Visual Studio 15
VisualStudioVersion = 15.0.26430.14
MinimumVisualStudioVersion = 10.0.40219.1
Project("{FAE04EC0-301F-11D3-BF4B-00C04F79EFBC}") = "ValueAndReferenceTypes", "ValueAndReferenceTypes\ValueAndReferenceTypes.csproj", "{2FD8A625-0E38-42AD-9907-9207077D501A}"
EndProject
Global
	GlobalSection(SolutionConfigurationPlatforms) = preSolution
		Debug|Any CPU = Debug|Any CPU
		Release|Any CPU = Release|Any CPU
	EndGlobalSection
	GlobalSection(ProjectConfigurationPlatforms) = postSolution
		{2FD8A625-0E38-42AD-9907-9207077D501A}.Debug|Any CPU.ActiveCfg = Debug|Any CPU
		{2FD8A625-0E38-42AD-9907-9207077D501A}.Debug|Any CPU.Build.0 = Debug|Any CPU
		{2FD8A625-0E38-42AD-9907-9207077D501A}.Release|Any CPU.ActiveCfg = Release|Any CPU
		{2FD8A625-0E38-42AD-9907-9207077D501A}.Release|Any CPU.Build.0 = Release|Any CPU
	EndGlobalSection
	GlobalSection(SolutionProperties) = preSolution
		HideSolutionNode = FALSE
	EndGlobalSection
EndGlobal
