
Microsoft Visual Studio Solution File, Format Version 12.00
# Visual Studio 15
VisualStudioVersion = 15.0.26430.16
MinimumVisualStudioVersion = 10.0.40219.1
Project("{FAE04EC0-301F-11D3-BF4B-00C04F79EFBC}") = "AutoLotDAL", "AutoLotDAL\AutoLotDAL.csproj", "{76EBA30B-7574-4562-9746-E0EDC6A31E78}"
EndProject
Project("{FAE04EC0-301F-11D3-BF4B-00C04F79EFBC}") = "AutoLotClient", "AutoLotClient\AutoLotClient.csproj", "{8AEA202E-4C42-4279-94B3-E984DF267769}"
EndProject
Global
	GlobalSection(SolutionConfigurationPlatforms) = preSolution
		Debug|Any CPU = Debug|Any CPU
		Release|Any CPU = Release|Any CPU
	EndGlobalSection
	GlobalSection(ProjectConfigurationPlatforms) = postSolution
		{76EBA30B-7574-4562-9746-E0EDC6A31E78}.Debug|Any CPU.ActiveCfg = Debug|Any CPU
		{76EBA30B-7574-4562-9746-E0EDC6A31E78}.Debug|Any CPU.Build.0 = Debug|Any CPU
		{76EBA30B-7574-4562-9746-E0EDC6A31E78}.Release|Any CPU.ActiveCfg = Release|Any CPU
		{76EBA30B-7574-4562-9746-E0EDC6A31E78}.Release|Any CPU.Build.0 = Release|Any CPU
		{8AEA202E-4C42-4279-94B3-E984DF267769}.Debug|Any CPU.ActiveCfg = Debug|Any CPU
		{8AEA202E-4C42-4279-94B3-E984DF267769}.Debug|Any CPU.Build.0 = Debug|Any CPU
		{8AEA202E-4C42-4279-94B3-E984DF267769}.Release|Any CPU.ActiveCfg = Release|Any CPU
		{8AEA202E-4C42-4279-94B3-E984DF267769}.Release|Any CPU.Build.0 = Release|Any CPU
	EndGlobalSection
	GlobalSection(SolutionProperties) = preSolution
		HideSolutionNode = FALSE
	EndGlobalSection
EndGlobal
