
Microsoft Visual Studio Solution File, Format Version 12.00
# Visual Studio 14
VisualStudioVersion = 14.0.23107.0
MinimumVisualStudioVersion = 10.0.40219.1
Project("{E24C65DC-7377-472B-9ABA-BC803B73C61A}") = "CacheState", ".", "{7E6195C0-DF3D-4E4B-BBCB-95C0DA289F73}"
	ProjectSection(WebsiteProperties) = preProject
		TargetFrameworkMoniker = ".NETFramework,Version%3Dv4.5"
		Debug.AspNetCompiler.VirtualPath = "/localhost_9457"
		Debug.AspNetCompiler.PhysicalPath = "..\CacheState\"
		Debug.AspNetCompiler.TargetPath = "PrecompiledWeb\localhost_9457\"
		Debug.AspNetCompiler.Updateable = "true"
		Debug.AspNetCompiler.ForceOverwrite = "true"
		Debug.AspNetCompiler.FixedNames = "false"
		Debug.AspNetCompiler.Debug = "True"
		Release.AspNetCompiler.VirtualPath = "/localhost_9457"
		Release.AspNetCompiler.PhysicalPath = "..\CacheState\"
		Release.AspNetCompiler.TargetPath = "PrecompiledWeb\localhost_9457\"
		Release.AspNetCompiler.Updateable = "true"
		Release.AspNetCompiler.ForceOverwrite = "true"
		Release.AspNetCompiler.FixedNames = "false"
		Release.AspNetCompiler.Debug = "False"
		VWDPort = "9457"
		SlnRelativePath = "..\CacheState\"
	EndProjectSection
EndProject
Global
	GlobalSection(SolutionConfigurationPlatforms) = preSolution
		Debug|Any CPU = Debug|Any CPU
	EndGlobalSection
	GlobalSection(ProjectConfigurationPlatforms) = postSolution
		{7E6195C0-DF3D-4E4B-BBCB-95C0DA289F73}.Debug|Any CPU.ActiveCfg = Debug|Any CPU
		{7E6195C0-DF3D-4E4B-BBCB-95C0DA289F73}.Debug|Any CPU.Build.0 = Debug|Any CPU
	EndGlobalSection
	GlobalSection(SolutionProperties) = preSolution
		HideSolutionNode = FALSE
	EndGlobalSection
EndGlobal
