
Microsoft Visual Studio Solution File, Format Version 12.00
# Visual Studio 15
VisualStudioVersion = 15.0.26430.15
MinimumVisualStudioVersion = 10.0.40219.1
Project("{FAE04EC0-301F-11D3-BF4B-00C04F79EFBC}") = "SimpleDelegate", "SimpleDelegate\SimpleDelegate.csproj", "{33B79504-A7C5-4EC1-81C7-4C5F42BA76F5}"
EndProject
Global
	GlobalSection(SolutionConfigurationPlatforms) = preSolution
		Debug|Any CPU = Debug|Any CPU
		Release|Any CPU = Release|Any CPU
	EndGlobalSection
	GlobalSection(ProjectConfigurationPlatforms) = postSolution
		{33B79504-A7C5-4EC1-81C7-4C5F42BA76F5}.Debug|Any CPU.ActiveCfg = Debug|Any CPU
		{33B79504-A7C5-4EC1-81C7-4C5F42BA76F5}.Debug|Any CPU.Build.0 = Debug|Any CPU
		{33B79504-A7C5-4EC1-81C7-4C5F42BA76F5}.Release|Any CPU.ActiveCfg = Release|Any CPU
		{33B79504-A7C5-4EC1-81C7-4C5F42BA76F5}.Release|Any CPU.Build.0 = Release|Any CPU
	EndGlobalSection
	GlobalSection(SolutionProperties) = preSolution
		HideSolutionNode = FALSE
	EndGlobalSection
EndGlobal
