
Microsoft Visual Studio Solution File, Format Version 12.00
# Visual Studio 15
VisualStudioVersion = 15.0.26430.15
MinimumVisualStudioVersion = 10.0.40219.1
Project("{FAE04EC0-301F-11D3-BF4B-00C04F79EFBC}") = "SimpleLambdaExpressions", "SimpleLambdaExpressions\SimpleLambdaExpressions.csproj", "{42BFB93C-14C2-4258-BF4A-7693329C3C1E}"
EndProject
Global
	GlobalSection(SolutionConfigurationPlatforms) = preSolution
		Debug|Any CPU = Debug|Any CPU
		Release|Any CPU = Release|Any CPU
	EndGlobalSection
	GlobalSection(ProjectConfigurationPlatforms) = postSolution
		{42BFB93C-14C2-4258-BF4A-7693329C3C1E}.Debug|Any CPU.ActiveCfg = Debug|Any CPU
		{42BFB93C-14C2-4258-BF4A-7693329C3C1E}.Debug|Any CPU.Build.0 = Debug|Any CPU
		{42BFB93C-14C2-4258-BF4A-7693329C3C1E}.Release|Any CPU.ActiveCfg = Release|Any CPU
		{42BFB93C-14C2-4258-BF4A-7693329C3C1E}.Release|Any CPU.Build.0 = Release|Any CPU
	EndGlobalSection
	GlobalSection(SolutionProperties) = preSolution
		HideSolutionNode = FALSE
	EndGlobalSection
EndGlobal
