
Microsoft Visual Studio Solution File, Format Version 12.00
# Visual Studio 15
VisualStudioVersion = 15.0.26730.3
MinimumVisualStudioVersion = 10.0.40219.1
Project("{FAE04EC0-301F-11D3-BF4B-00C04F79EFBC}") = "CarLotMVC", "CarLotMVC\CarLotMVC.csproj", "{7417D69B-6851-4DCE-9D2E-040200D720BF}"
EndProject
Project("{FAE04EC0-301F-11D3-BF4B-00C04F79EFBC}") = "AutoLotDAL.Models", "AutoLotDAL.Models\AutoLotDAL.Models.csproj", "{9A917D7C-885E-4D9A-818F-9955871A4FBB}"
EndProject
Project("{FAE04EC0-301F-11D3-BF4B-00C04F79EFBC}") = "AutoLotDAL", "AutoLotDAL\AutoLotDAL.csproj", "{7E5A8812-C303-4AE0-A6E7-4AC96EC11624}"
EndProject
Global
	GlobalSection(SolutionConfigurationPlatforms) = preSolution
		Debug|Any CPU = Debug|Any CPU
		Release|Any CPU = Release|Any CPU
	EndGlobalSection
	GlobalSection(ProjectConfigurationPlatforms) = postSolution
		{7417D69B-6851-4DCE-9D2E-040200D720BF}.Debug|Any CPU.ActiveCfg = Debug|Any CPU
		{7417D69B-6851-4DCE-9D2E-040200D720BF}.Debug|Any CPU.Build.0 = Debug|Any CPU
		{7417D69B-6851-4DCE-9D2E-040200D720BF}.Release|Any CPU.ActiveCfg = Release|Any CPU
		{7417D69B-6851-4DCE-9D2E-040200D720BF}.Release|Any CPU.Build.0 = Release|Any CPU
		{9A917D7C-885E-4D9A-818F-9955871A4FBB}.Debug|Any CPU.ActiveCfg = Debug|Any CPU
		{9A917D7C-885E-4D9A-818F-9955871A4FBB}.Debug|Any CPU.Build.0 = Debug|Any CPU
		{9A917D7C-885E-4D9A-818F-9955871A4FBB}.Release|Any CPU.ActiveCfg = Release|Any CPU
		{9A917D7C-885E-4D9A-818F-9955871A4FBB}.Release|Any CPU.Build.0 = Release|Any CPU
		{7E5A8812-C303-4AE0-A6E7-4AC96EC11624}.Debug|Any CPU.ActiveCfg = Debug|Any CPU
		{7E5A8812-C303-4AE0-A6E7-4AC96EC11624}.Debug|Any CPU.Build.0 = Debug|Any CPU
		{7E5A8812-C303-4AE0-A6E7-4AC96EC11624}.Release|Any CPU.ActiveCfg = Release|Any CPU
		{7E5A8812-C303-4AE0-A6E7-4AC96EC11624}.Release|Any CPU.Build.0 = Release|Any CPU
	EndGlobalSection
	GlobalSection(SolutionProperties) = preSolution
		HideSolutionNode = FALSE
	EndGlobalSection
	GlobalSection(ExtensibilityGlobals) = postSolution
		SolutionGuid = {0327DFA0-B510-4FE4-9907-19D642DC705E}
	EndGlobalSection
EndGlobal
