
Microsoft Visual Studio Solution File, Format Version 12.00
# Visual Studio 15
VisualStudioVersion = 15.0.26430.15
MinimumVisualStudioVersion = 10.0.40219.1
Project("{FAE04EC0-301F-11D3-BF4B-00C04F79EFBC}") = "ExportDataToOfficeApp", "ExportDataToOfficeApp\ExportDataToOfficeApp.csproj", "{77DBFAF2-4D1C-4C09-B29A-1815E72FF348}"
EndProject
Global
	GlobalSection(SolutionConfigurationPlatforms) = preSolution
		Debug|Any CPU = Debug|Any CPU
		Release|Any CPU = Release|Any CPU
	EndGlobalSection
	GlobalSection(ProjectConfigurationPlatforms) = postSolution
		{77DBFAF2-4D1C-4C09-B29A-1815E72FF348}.Debug|Any CPU.ActiveCfg = Debug|Any CPU
		{77DBFAF2-4D1C-4C09-B29A-1815E72FF348}.Debug|Any CPU.Build.0 = Debug|Any CPU
		{77DBFAF2-4D1C-4C09-B29A-1815E72FF348}.Release|Any CPU.ActiveCfg = Release|Any CPU
		{77DBFAF2-4D1C-4C09-B29A-1815E72FF348}.Release|Any CPU.Build.0 = Release|Any CPU
	EndGlobalSection
	GlobalSection(SolutionProperties) = preSolution
		HideSolutionNode = FALSE
	EndGlobalSection
EndGlobal
