
Microsoft Visual Studio Solution File, Format Version 12.00
# Visual Studio 15
VisualStudioVersion = 15.0.26430.15
MinimumVisualStudioVersion = 10.0.40219.1
Project("{FAE04EC0-301F-11D3-BF4B-00C04F79EFBC}") = "VehicleDescriptionAttributeReaderLateBinding", "VehicleDescriptionAttributeReaderLateBinding\VehicleDescriptionAttributeReaderLateBinding.csproj", "{4976AC1F-0F47-4D2B-8EB8-F8F6084BCCAA}"
EndProject
Global
	GlobalSection(SolutionConfigurationPlatforms) = preSolution
		Debug|Any CPU = Debug|Any CPU
		Release|Any CPU = Release|Any CPU
	EndGlobalSection
	GlobalSection(ProjectConfigurationPlatforms) = postSolution
		{4976AC1F-0F47-4D2B-8EB8-F8F6084BCCAA}.Debug|Any CPU.ActiveCfg = Debug|Any CPU
		{4976AC1F-0F47-4D2B-8EB8-F8F6084BCCAA}.Debug|Any CPU.Build.0 = Debug|Any CPU
		{4976AC1F-0F47-4D2B-8EB8-F8F6084BCCAA}.Release|Any CPU.ActiveCfg = Release|Any CPU
		{4976AC1F-0F47-4D2B-8EB8-F8F6084BCCAA}.Release|Any CPU.Build.0 = Release|Any CPU
	EndGlobalSection
	GlobalSection(SolutionProperties) = preSolution
		HideSolutionNode = FALSE
	EndGlobalSection
EndGlobal
