
Microsoft Visual Studio Solution File, Format Version 12.00
# Visual Studio 15
VisualStudioVersion = 15.0.26430.15
MinimumVisualStudioVersion = 10.0.40219.1
Project("{FAE04EC0-301F-11D3-BF4B-00C04F79EFBC}") = "AsyncCallbackDelegate", "AsyncCallbackDelegate\AsyncCallbackDelegate.csproj", "{6B395ECD-A7AC-4F92-8BF9-A8F094E2C05B}"
EndProject
Global
	GlobalSection(SolutionConfigurationPlatforms) = preSolution
		Debug|Any CPU = Debug|Any CPU
		Release|Any CPU = Release|Any CPU
	EndGlobalSection
	GlobalSection(ProjectConfigurationPlatforms) = postSolution
		{6B395ECD-A7AC-4F92-8BF9-A8F094E2C05B}.Debug|Any CPU.ActiveCfg = Debug|Any CPU
		{6B395ECD-A7AC-4F92-8BF9-A8F094E2C05B}.Debug|Any CPU.Build.0 = Debug|Any CPU
		{6B395ECD-A7AC-4F92-8BF9-A8F094E2C05B}.Release|Any CPU.ActiveCfg = Release|Any CPU
		{6B395ECD-A7AC-4F92-8BF9-A8F094E2C05B}.Release|Any CPU.Build.0 = Release|Any CPU
	EndGlobalSection
	GlobalSection(SolutionProperties) = preSolution
		HideSolutionNode = FALSE
	EndGlobalSection
EndGlobal
