
Microsoft Visual Studio Solution File, Format Version 12.00
# Visual Studio 14
VisualStudioVersion = 14.0.23107.0
MinimumVisualStudioVersion = 10.0.40219.1
Project("{E24C65DC-7377-472B-9ABA-BC803B73C61A}") = "DynamicCtrls", ".", "{0193183A-DB1C-4E07-998A-25D54656B72B}"
	ProjectSection(WebsiteProperties) = preProject
		TargetFrameworkMoniker = ".NETFramework,Version%3Dv4.6"
		Debug.AspNetCompiler.VirtualPath = "/localhost_35873"
		Debug.AspNetCompiler.PhysicalPath = "..\DynamicCtrls\"
		Debug.AspNetCompiler.TargetPath = "PrecompiledWeb\localhost_35873\"
		Debug.AspNetCompiler.Updateable = "true"
		Debug.AspNetCompiler.ForceOverwrite = "true"
		Debug.AspNetCompiler.FixedNames = "false"
		Debug.AspNetCompiler.Debug = "True"
		Release.AspNetCompiler.VirtualPath = "/localhost_35873"
		Release.AspNetCompiler.PhysicalPath = "..\DynamicCtrls\"
		Release.AspNetCompiler.TargetPath = "PrecompiledWeb\localhost_35873\"
		Release.AspNetCompiler.Updateable = "true"
		Release.AspNetCompiler.ForceOverwrite = "true"
		Release.AspNetCompiler.FixedNames = "false"
		Release.AspNetCompiler.Debug = "False"
		VWDPort = "35873"
		SlnRelativePath = "..\DynamicCtrls\"
		DefaultWebSiteLanguage = "Visual C#"
	EndProjectSection
EndProject
Global
	GlobalSection(SolutionConfigurationPlatforms) = preSolution
		Debug|Any CPU = Debug|Any CPU
	EndGlobalSection
	GlobalSection(ProjectConfigurationPlatforms) = postSolution
		{0193183A-DB1C-4E07-998A-25D54656B72B}.Debug|Any CPU.ActiveCfg = Debug|Any CPU
		{0193183A-DB1C-4E07-998A-25D54656B72B}.Debug|Any CPU.Build.0 = Debug|Any CPU
	EndGlobalSection
	GlobalSection(SolutionProperties) = preSolution
		HideSolutionNode = FALSE
	EndGlobalSection
EndGlobal
