
Microsoft Visual Studio Solution File, Format Version 12.00
# Visual Studio 15
VisualStudioVersion = 15.0.26430.14
MinimumVisualStudioVersion = 10.0.40219.1
Project("{FAE04EC0-301F-11D3-BF4B-00C04F79EFBC}") = "SimpleException", "SimpleException\SimpleException.csproj", "{C3017D7F-A5C2-4195-BBEE-C29F96C11393}"
EndProject
Global
	GlobalSection(SolutionConfigurationPlatforms) = preSolution
		Debug|Any CPU = Debug|Any CPU
		Release|Any CPU = Release|Any CPU
	EndGlobalSection
	GlobalSection(ProjectConfigurationPlatforms) = postSolution
		{C3017D7F-A5C2-4195-BBEE-C29F96C11393}.Debug|Any CPU.ActiveCfg = Debug|Any CPU
		{C3017D7F-A5C2-4195-BBEE-C29F96C11393}.Debug|Any CPU.Build.0 = Debug|Any CPU
		{C3017D7F-A5C2-4195-BBEE-C29F96C11393}.Release|Any CPU.ActiveCfg = Release|Any CPU
		{C3017D7F-A5C2-4195-BBEE-C29F96C11393}.Release|Any CPU.Build.0 = Release|Any CPU
	EndGlobalSection
	GlobalSection(SolutionProperties) = preSolution
		HideSolutionNode = FALSE
	EndGlobalSection
EndGlobal
