
Microsoft Visual Studio Solution File, Format Version 12.00
# Visual Studio 15
VisualStudioVersion = 15.0.26430.15
MinimumVisualStudioVersion = 10.0.40219.1
Project("{FAE04EC0-301F-11D3-BF4B-00C04F79EFBC}") = "LateBindingWithDynamic", "LateBindingWithDynamic\LateBindingWithDynamic.csproj", "{1C1415CD-43F9-4023-8D74-F8CD86747353}"
EndProject
Project("{FAE04EC0-301F-11D3-BF4B-00C04F79EFBC}") = "MathLibrary", "MathLibrary\MathLibrary.csproj", "{E29D7B5D-0232-41A0-BD43-700BCC45E74E}"
EndProject
Global
	GlobalSection(SolutionConfigurationPlatforms) = preSolution
		Debug|Any CPU = Debug|Any CPU
		Release|Any CPU = Release|Any CPU
	EndGlobalSection
	GlobalSection(ProjectConfigurationPlatforms) = postSolution
		{1C1415CD-43F9-4023-8D74-F8CD86747353}.Debug|Any CPU.ActiveCfg = Debug|Any CPU
		{1C1415CD-43F9-4023-8D74-F8CD86747353}.Debug|Any CPU.Build.0 = Debug|Any CPU
		{1C1415CD-43F9-4023-8D74-F8CD86747353}.Release|Any CPU.ActiveCfg = Release|Any CPU
		{1C1415CD-43F9-4023-8D74-F8CD86747353}.Release|Any CPU.Build.0 = Release|Any CPU
		{E29D7B5D-0232-41A0-BD43-700BCC45E74E}.Debug|Any CPU.ActiveCfg = Debug|Any CPU
		{E29D7B5D-0232-41A0-BD43-700BCC45E74E}.Debug|Any CPU.Build.0 = Debug|Any CPU
		{E29D7B5D-0232-41A0-BD43-700BCC45E74E}.Release|Any CPU.ActiveCfg = Release|Any CPU
		{E29D7B5D-0232-41A0-BD43-700BCC45E74E}.Release|Any CPU.Build.0 = Release|Any CPU
	EndGlobalSection
	GlobalSection(SolutionProperties) = preSolution
		HideSolutionNode = FALSE
	EndGlobalSection
EndGlobal
