
Microsoft Visual Studio Solution File, Format Version 12.00
# Visual Studio 15
VisualStudioVersion = 15.0.26430.15
MinimumVisualStudioVersion = 10.0.40219.1
Project("{FAE04EC0-301F-11D3-BF4B-00C04F79EFBC}") = "CodeBaseClient", "CodeBaseClient\CodeBaseClient.csproj", "{A6A1DD55-8F21-49B1-906E-1EC25CCE643B}"
EndProject
Global
	GlobalSection(SolutionConfigurationPlatforms) = preSolution
		Debug|Any CPU = Debug|Any CPU
		Release|Any CPU = Release|Any CPU
	EndGlobalSection
	GlobalSection(ProjectConfigurationPlatforms) = postSolution
		{A6A1DD55-8F21-49B1-906E-1EC25CCE643B}.Debug|Any CPU.ActiveCfg = Debug|Any CPU
		{A6A1DD55-8F21-49B1-906E-1EC25CCE643B}.Debug|Any CPU.Build.0 = Debug|Any CPU
		{A6A1DD55-8F21-49B1-906E-1EC25CCE643B}.Release|Any CPU.ActiveCfg = Release|Any CPU
		{A6A1DD55-8F21-49B1-906E-1EC25CCE643B}.Release|Any CPU.Build.0 = Release|Any CPU
	EndGlobalSection
	GlobalSection(SolutionProperties) = preSolution
		HideSolutionNode = FALSE
	EndGlobalSection
EndGlobal
