
Microsoft Visual Studio Solution File, Format Version 11.00
# Visual Studio 2010
Project("{FAE04EC0-301F-11D3-BF4B-00C04F79EFBC}") = "LinqToXmlFirstLook", "LinqToXmlFirstLook.csproj", "{3845496E-3EF2-4CF5-9329-22EFC3722670}"
EndProject
Project("{F184B08F-C81C-45F6-A57F-5ABD9991F28F}") = "VbXmlLiteralLibrary", "..\VbXmlLiteralLibrary\VbXmlLiteralLibrary.vbproj", "{2047DCF7-C256-43E8-9174-594868045151}"
EndProject
Global
	GlobalSection(SolutionConfigurationPlatforms) = preSolution
		Debug|Any CPU = Debug|Any CPU
		Debug|Mixed Platforms = Debug|Mixed Platforms
		Debug|x86 = Debug|x86
		Release|Any CPU = Release|Any CPU
		Release|Mixed Platforms = Release|Mixed Platforms
		Release|x86 = Release|x86
	EndGlobalSection
	GlobalSection(ProjectConfigurationPlatforms) = postSolution
		{3845496E-3EF2-4CF5-9329-22EFC3722670}.Debug|Any CPU.ActiveCfg = Debug|x86
		{3845496E-3EF2-4CF5-9329-22EFC3722670}.Debug|Mixed Platforms.ActiveCfg = Debug|x86
		{3845496E-3EF2-4CF5-9329-22EFC3722670}.Debug|Mixed Platforms.Build.0 = Debug|x86
		{3845496E-3EF2-4CF5-9329-22EFC3722670}.Debug|x86.ActiveCfg = Debug|x86
		{3845496E-3EF2-4CF5-9329-22EFC3722670}.Debug|x86.Build.0 = Debug|x86
		{3845496E-3EF2-4CF5-9329-22EFC3722670}.Release|Any CPU.ActiveCfg = Release|x86
		{3845496E-3EF2-4CF5-9329-22EFC3722670}.Release|Mixed Platforms.ActiveCfg = Release|x86
		{3845496E-3EF2-4CF5-9329-22EFC3722670}.Release|Mixed Platforms.Build.0 = Release|x86
		{3845496E-3EF2-4CF5-9329-22EFC3722670}.Release|x86.ActiveCfg = Release|x86
		{3845496E-3EF2-4CF5-9329-22EFC3722670}.Release|x86.Build.0 = Release|x86
		{2047DCF7-C256-43E8-9174-594868045151}.Debug|Any CPU.ActiveCfg = Debug|Any CPU
		{2047DCF7-C256-43E8-9174-594868045151}.Debug|Any CPU.Build.0 = Debug|Any CPU
		{2047DCF7-C256-43E8-9174-594868045151}.Debug|Mixed Platforms.ActiveCfg = Debug|Any CPU
		{2047DCF7-C256-43E8-9174-594868045151}.Debug|Mixed Platforms.Build.0 = Debug|Any CPU
		{2047DCF7-C256-43E8-9174-594868045151}.Debug|x86.ActiveCfg = Debug|Any CPU
		{2047DCF7-C256-43E8-9174-594868045151}.Release|Any CPU.ActiveCfg = Release|Any CPU
		{2047DCF7-C256-43E8-9174-594868045151}.Release|Any CPU.Build.0 = Release|Any CPU
		{2047DCF7-C256-43E8-9174-594868045151}.Release|Mixed Platforms.ActiveCfg = Release|Any CPU
		{2047DCF7-C256-43E8-9174-594868045151}.Release|Mixed Platforms.Build.0 = Release|Any CPU
		{2047DCF7-C256-43E8-9174-594868045151}.Release|x86.ActiveCfg = Release|Any CPU
	EndGlobalSection
	GlobalSection(SolutionProperties) = preSolution
		HideSolutionNode = FALSE
	EndGlobalSection
EndGlobal
