
Microsoft Visual Studio Solution File, Format Version 12.00
# Visual Studio 15
VisualStudioVersion = 15.0.26430.16
MinimumVisualStudioVersion = 10.0.40219.1
Project("{FAE04EC0-301F-11D3-BF4B-00C04F79EFBC}") = "MagicEightBallServiceClient", "MagicEightBallServiceClient\MagicEightBallServiceClient.csproj", "{79DAEB9F-F554-41E4-AC7A-5FE2B11B1006}"
EndProject
Global
	GlobalSection(SolutionConfigurationPlatforms) = preSolution
		Debug|Any CPU = Debug|Any CPU
		Release|Any CPU = Release|Any CPU
	EndGlobalSection
	GlobalSection(ProjectConfigurationPlatforms) = postSolution
		{79DAEB9F-F554-41E4-AC7A-5FE2B11B1006}.Debug|Any CPU.ActiveCfg = Debug|Any CPU
		{79DAEB9F-F554-41E4-AC7A-5FE2B11B1006}.Debug|Any CPU.Build.0 = Debug|Any CPU
		{79DAEB9F-F554-41E4-AC7A-5FE2B11B1006}.Release|Any CPU.ActiveCfg = Release|Any CPU
		{79DAEB9F-F554-41E4-AC7A-5FE2B11B1006}.Release|Any CPU.Build.0 = Release|Any CPU
	EndGlobalSection
	GlobalSection(SolutionProperties) = preSolution
		HideSolutionNode = FALSE
	EndGlobalSection
EndGlobal
