
Microsoft Visual Studio Solution File, Format Version 12.00
# Visual Studio 15
VisualStudioVersion = 15.0.26430.15
MinimumVisualStudioVersion = 10.0.40219.1
Project("{FAE04EC0-301F-11D3-BF4B-00C04F79EFBC}") = "InterfaceExtensions", "InterfaceExtensions\InterfaceExtensions.csproj", "{9411D96D-2E00-4D36-BEE6-3918022888FE}"
EndProject
Global
	GlobalSection(SolutionConfigurationPlatforms) = preSolution
		Debug|Any CPU = Debug|Any CPU
		Release|Any CPU = Release|Any CPU
	EndGlobalSection
	GlobalSection(ProjectConfigurationPlatforms) = postSolution
		{9411D96D-2E00-4D36-BEE6-3918022888FE}.Debug|Any CPU.ActiveCfg = Debug|Any CPU
		{9411D96D-2E00-4D36-BEE6-3918022888FE}.Debug|Any CPU.Build.0 = Debug|Any CPU
		{9411D96D-2E00-4D36-BEE6-3918022888FE}.Release|Any CPU.ActiveCfg = Release|Any CPU
		{9411D96D-2E00-4D36-BEE6-3918022888FE}.Release|Any CPU.Build.0 = Release|Any CPU
	EndGlobalSection
	GlobalSection(SolutionProperties) = preSolution
		HideSolutionNode = FALSE
	EndGlobalSection
EndGlobal
