
Microsoft Visual Studio Solution File, Format Version 12.00
# Visual Studio 15
VisualStudioVersion = 15.0.26430.14
MinimumVisualStudioVersion = 10.0.40219.1
Project("{FAE04EC0-301F-11D3-BF4B-00C04F79EFBC}") = "BasicConsoleIO", "BasicConsoleIO\BasicConsoleIO.csproj", "{0668E4F7-894E-4A09-807F-04042AD3DBDE}"
EndProject
Global
	GlobalSection(SolutionConfigurationPlatforms) = preSolution
		Debug|Any CPU = Debug|Any CPU
		Release|Any CPU = Release|Any CPU
	EndGlobalSection
	GlobalSection(ProjectConfigurationPlatforms) = postSolution
		{0668E4F7-894E-4A09-807F-04042AD3DBDE}.Debug|Any CPU.ActiveCfg = Debug|Any CPU
		{0668E4F7-894E-4A09-807F-04042AD3DBDE}.Debug|Any CPU.Build.0 = Debug|Any CPU
		{0668E4F7-894E-4A09-807F-04042AD3DBDE}.Release|Any CPU.ActiveCfg = Release|Any CPU
		{0668E4F7-894E-4A09-807F-04042AD3DBDE}.Release|Any CPU.Build.0 = Release|Any CPU
	EndGlobalSection
	GlobalSection(SolutionProperties) = preSolution
		HideSolutionNode = FALSE
	EndGlobalSection
EndGlobal
