
Microsoft Visual Studio Solution File, Format Version 12.00
# Visual Studio 15
VisualStudioVersion = 15.0.26430.15
MinimumVisualStudioVersion = 10.0.40219.1
Project("{FAE04EC0-301F-11D3-BF4B-00C04F79EFBC}") = "ActionAndFuncDelegates", "ActionAndFuncDelegates\ActionAndFuncDelegates.csproj", "{6B2E5ED7-287A-4626-8C74-1E1E9FA11B80}"
EndProject
Global
	GlobalSection(SolutionConfigurationPlatforms) = preSolution
		Debug|Any CPU = Debug|Any CPU
		Release|Any CPU = Release|Any CPU
	EndGlobalSection
	GlobalSection(ProjectConfigurationPlatforms) = postSolution
		{6B2E5ED7-287A-4626-8C74-1E1E9FA11B80}.Debug|Any CPU.ActiveCfg = Debug|Any CPU
		{6B2E5ED7-287A-4626-8C74-1E1E9FA11B80}.Debug|Any CPU.Build.0 = Debug|Any CPU
		{6B2E5ED7-287A-4626-8C74-1E1E9FA11B80}.Release|Any CPU.ActiveCfg = Release|Any CPU
		{6B2E5ED7-287A-4626-8C74-1E1E9FA11B80}.Release|Any CPU.Build.0 = Release|Any CPU
	EndGlobalSection
	GlobalSection(SolutionProperties) = preSolution
		HideSolutionNode = FALSE
	EndGlobalSection
EndGlobal
